# THIS IS AN AUTOGENERATED FILE. DO NOT EDIT THIS FILE DIRECTLY.
# yarn lockfile v1


paper@^0.12.15:
  version "0.12.15"
  resolved "https://registry.yarnpkg.com/paper/-/paper-0.12.15.tgz#28b5e5ce0f7a99a851e980f6715f376881dfbc84"
  integrity sha512-9qqtcY+V0Sd2RTLZKh7rTfWDbhfitOrtq3kzgOufhGpuYpCUXM+3UIK61au14tI0F9NA4xSttDYfk376O50aPA==

typescript@^4.4.4:
  version "4.4.4"
  resolved "https://registry.yarnpkg.com/typescript/-/typescript-4.4.4.tgz#2cd01a1a1f160704d3101fd5a58ff0f9fcb8030c"
  integrity sha512-DqGhF5IKoBl8WNf8C1gu8q0xZSInh9j1kJJMqT3a94w1JzVaBU4EXOSMrz9yDqMT0xt3selp83fuFMQ0uzv6qA==
